
Microsoft Visual Studio Solution File, Format Version 12.00
# Visual Studio Version 17
VisualStudioVersion = 17.5.33530.505
MinimumVisualStudioVersion = 10.0.40219.1
Project("{FAE04EC0-301F-11D3-BF4B-00C04F79EFBC}") = "1_FrameworkConsoleApp", "1_FrameworkConsoleApp\1_FrameworkConsoleApp.csproj", "{5BC71C27-E5E5-4862-9113-6FB93D6DFEF5}"
EndProject
Project("{FAE04EC0-301F-11D3-BF4B-00C04F79EFBC}") = "2_Datatypes", "2_Datatypes\2_Datatypes.csproj", "{21054ED3-D508-4167-8EDE-57BC4CCD20EC}"
EndProject
Project("{FAE04EC0-301F-11D3-BF4B-00C04F79EFBC}") = "3_Operators", "3_Operators\3_Operators.csproj", "{DC37D1B7-415B-4EA5-8D90-7021AA4036B1}"
EndProject
Project("{FAE04EC0-301F-11D3-BF4B-00C04F79EFBC}") = "4_StringType", "4_StringType\4_StringType.csproj", "{0AEBD1B2-E830-4A58-A76A-06BDF51EC46C}"
EndProject
Project("{FAE04EC0-301F-11D3-BF4B-00C04F79EFBC}") = "5_TypeConversion", "5_TypeConversion\5_TypeConversion.csproj", "{BDE07022-FC06-47DC-9AA9-26FD89835072}"
EndProject
Project("{FAE04EC0-301F-11D3-BF4B-00C04F79EFBC}") = "6_NullableType", "6_NullableType\6_NullableType.csproj", "{307DB93B-C458-4D87-908E-A8B0A9CAF166}"
EndProject
Project("{FAE04EC0-301F-11D3-BF4B-00C04F79EFBC}") = "7_ConditionalStatements", "7_ConditionalStatements\7_ConditionalStatements.csproj", "{A2FFDEAB-A927-4BE3-BA42-F46112C62BDB}"
EndProject
Project("{FAE04EC0-301F-11D3-BF4B-00C04F79EFBC}") = "8_ConditionalStatementsExamples", "8_ConditionalStatementsExamples\8_ConditionalStatementsExamples.csproj", "{D3C64DC5-0D92-4554-8EAD-33408B3E331F}"
EndProject
Project("{FAE04EC0-301F-11D3-BF4B-00C04F79EFBC}") = "9_LoopingStatements", "9_LoopingStatements\9_LoopingStatements.csproj", "{5DE7D074-2EF3-443C-9789-9D3F2AA8D634}"
EndProject
Project("{FAE04EC0-301F-11D3-BF4B-00C04F79EFBC}") = "10_ArrayDemo", "10_ArrayDemo\10_ArrayDemo.csproj", "{EB652F3E-AFE2-4292-8092-E802382E084E}"
EndProject
Project("{FAE04EC0-301F-11D3-BF4B-00C04F79EFBC}") = "11_ArrayExample", "11_ArrayExample\11_ArrayExample.csproj", "{C5CDD0CB-A322-4226-B08E-740AA11C1DA5}"
EndProject
Project("{FAE04EC0-301F-11D3-BF4B-00C04F79EFBC}") = "12_MethodsDemo", "12_MethodsDemo\12_MethodsDemo.csproj", "{82601144-2FCF-4D61-BC3F-B99A207371DB}"
EndProject
Project("{FAE04EC0-301F-11D3-BF4B-00C04F79EFBC}") = "13_MethodParameters", "13_MethodParameters\13_MethodParameters.csproj", "{EA736A32-7B14-42DA-8200-034688AC17B7}"
EndProject
Project("{FAE04EC0-301F-11D3-BF4B-00C04F79EFBC}") = "14_OptinoalMethodParameter", "14_OptinoalMethodParameter\14_OptinoalMethodParameter.csproj", "{ACB41D32-1412-4859-B0AF-DF49A988ADE9}"
EndProject
Global
	GlobalSection(SolutionConfigurationPlatforms) = preSolution
		Debug|Any CPU = Debug|Any CPU
		Release|Any CPU = Release|Any CPU
	EndGlobalSection
	GlobalSection(ProjectConfigurationPlatforms) = postSolution
		{5BC71C27-E5E5-4862-9113-6FB93D6DFEF5}.Debug|Any CPU.ActiveCfg = Debug|Any CPU
		{5BC71C27-E5E5-4862-9113-6FB93D6DFEF5}.Debug|Any CPU.Build.0 = Debug|Any CPU
		{5BC71C27-E5E5-4862-9113-6FB93D6DFEF5}.Release|Any CPU.ActiveCfg = Release|Any CPU
		{5BC71C27-E5E5-4862-9113-6FB93D6DFEF5}.Release|Any CPU.Build.0 = Release|Any CPU
		{21054ED3-D508-4167-8EDE-57BC4CCD20EC}.Debug|Any CPU.ActiveCfg = Debug|Any CPU
		{21054ED3-D508-4167-8EDE-57BC4CCD20EC}.Debug|Any CPU.Build.0 = Debug|Any CPU
		{21054ED3-D508-4167-8EDE-57BC4CCD20EC}.Release|Any CPU.ActiveCfg = Release|Any CPU
		{21054ED3-D508-4167-8EDE-57BC4CCD20EC}.Release|Any CPU.Build.0 = Release|Any CPU
		{DC37D1B7-415B-4EA5-8D90-7021AA4036B1}.Debug|Any CPU.ActiveCfg = Debug|Any CPU
		{DC37D1B7-415B-4EA5-8D90-7021AA4036B1}.Debug|Any CPU.Build.0 = Debug|Any CPU
		{DC37D1B7-415B-4EA5-8D90-7021AA4036B1}.Release|Any CPU.ActiveCfg = Release|Any CPU
		{DC37D1B7-415B-4EA5-8D90-7021AA4036B1}.Release|Any CPU.Build.0 = Release|Any CPU
		{0AEBD1B2-E830-4A58-A76A-06BDF51EC46C}.Debug|Any CPU.ActiveCfg = Debug|Any CPU
		{0AEBD1B2-E830-4A58-A76A-06BDF51EC46C}.Debug|Any CPU.Build.0 = Debug|Any CPU
		{0AEBD1B2-E830-4A58-A76A-06BDF51EC46C}.Release|Any CPU.ActiveCfg = Release|Any CPU
		{0AEBD1B2-E830-4A58-A76A-06BDF51EC46C}.Release|Any CPU.Build.0 = Release|Any CPU
		{BDE07022-FC06-47DC-9AA9-26FD89835072}.Debug|Any CPU.ActiveCfg = Debug|Any CPU
		{BDE07022-FC06-47DC-9AA9-26FD89835072}.Debug|Any CPU.Build.0 = Debug|Any CPU
		{BDE07022-FC06-47DC-9AA9-26FD89835072}.Release|Any CPU.ActiveCfg = Release|Any CPU
		{BDE07022-FC06-47DC-9AA9-26FD89835072}.Release|Any CPU.Build.0 = Release|Any CPU
		{307DB93B-C458-4D87-908E-A8B0A9CAF166}.Debug|Any CPU.ActiveCfg = Debug|Any CPU
		{307DB93B-C458-4D87-908E-A8B0A9CAF166}.Debug|Any CPU.Build.0 = Debug|Any CPU
		{307DB93B-C458-4D87-908E-A8B0A9CAF166}.Release|Any CPU.ActiveCfg = Release|Any CPU
		{307DB93B-C458-4D87-908E-A8B0A9CAF166}.Release|Any CPU.Build.0 = Release|Any CPU
		{A2FFDEAB-A927-4BE3-BA42-F46112C62BDB}.Debug|Any CPU.ActiveCfg = Debug|Any CPU
		{A2FFDEAB-A927-4BE3-BA42-F46112C62BDB}.Debug|Any CPU.Build.0 = Debug|Any CPU
		{A2FFDEAB-A927-4BE3-BA42-F46112C62BDB}.Release|Any CPU.ActiveCfg = Release|Any CPU
		{A2FFDEAB-A927-4BE3-BA42-F46112C62BDB}.Release|Any CPU.Build.0 = Release|Any CPU
		{D3C64DC5-0D92-4554-8EAD-33408B3E331F}.Debug|Any CPU.ActiveCfg = Debug|Any CPU
		{D3C64DC5-0D92-4554-8EAD-33408B3E331F}.Debug|Any CPU.Build.0 = Debug|Any CPU
		{D3C64DC5-0D92-4554-8EAD-33408B3E331F}.Release|Any CPU.ActiveCfg = Release|Any CPU
		{D3C64DC5-0D92-4554-8EAD-33408B3E331F}.Release|Any CPU.Build.0 = Release|Any CPU
		{5DE7D074-2EF3-443C-9789-9D3F2AA8D634}.Debug|Any CPU.ActiveCfg = Debug|Any CPU
		{5DE7D074-2EF3-443C-9789-9D3F2AA8D634}.Debug|Any CPU.Build.0 = Debug|Any CPU
		{5DE7D074-2EF3-443C-9789-9D3F2AA8D634}.Release|Any CPU.ActiveCfg = Release|Any CPU
		{5DE7D074-2EF3-443C-9789-9D3F2AA8D634}.Release|Any CPU.Build.0 = Release|Any CPU
		{EB652F3E-AFE2-4292-8092-E802382E084E}.Debug|Any CPU.ActiveCfg = Debug|Any CPU
		{EB652F3E-AFE2-4292-8092-E802382E084E}.Debug|Any CPU.Build.0 = Debug|Any CPU
		{EB652F3E-AFE2-4292-8092-E802382E084E}.Release|Any CPU.ActiveCfg = Release|Any CPU
		{EB652F3E-AFE2-4292-8092-E802382E084E}.Release|Any CPU.Build.0 = Release|Any CPU
		{C5CDD0CB-A322-4226-B08E-740AA11C1DA5}.Debug|Any CPU.ActiveCfg = Debug|Any CPU
		{C5CDD0CB-A322-4226-B08E-740AA11C1DA5}.Debug|Any CPU.Build.0 = Debug|Any CPU
		{C5CDD0CB-A322-4226-B08E-740AA11C1DA5}.Release|Any CPU.ActiveCfg = Release|Any CPU
		{C5CDD0CB-A322-4226-B08E-740AA11C1DA5}.Release|Any CPU.Build.0 = Release|Any CPU
		{82601144-2FCF-4D61-BC3F-B99A207371DB}.Debug|Any CPU.ActiveCfg = Debug|Any CPU
		{82601144-2FCF-4D61-BC3F-B99A207371DB}.Debug|Any CPU.Build.0 = Debug|Any CPU
		{82601144-2FCF-4D61-BC3F-B99A207371DB}.Release|Any CPU.ActiveCfg = Release|Any CPU
		{82601144-2FCF-4D61-BC3F-B99A207371DB}.Release|Any CPU.Build.0 = Release|Any CPU
		{EA736A32-7B14-42DA-8200-034688AC17B7}.Debug|Any CPU.ActiveCfg = Debug|Any CPU
		{EA736A32-7B14-42DA-8200-034688AC17B7}.Debug|Any CPU.Build.0 = Debug|Any CPU
		{EA736A32-7B14-42DA-8200-034688AC17B7}.Release|Any CPU.ActiveCfg = Release|Any CPU
		{EA736A32-7B14-42DA-8200-034688AC17B7}.Release|Any CPU.Build.0 = Release|Any CPU
		{ACB41D32-1412-4859-B0AF-DF49A988ADE9}.Debug|Any CPU.ActiveCfg = Debug|Any CPU
		{ACB41D32-1412-4859-B0AF-DF49A988ADE9}.Debug|Any CPU.Build.0 = Debug|Any CPU
		{ACB41D32-1412-4859-B0AF-DF49A988ADE9}.Release|Any CPU.ActiveCfg = Release|Any CPU
		{ACB41D32-1412-4859-B0AF-DF49A988ADE9}.Release|Any CPU.Build.0 = Release|Any CPU
	EndGlobalSection
	GlobalSection(SolutionProperties) = preSolution
		HideSolutionNode = FALSE
	EndGlobalSection
	GlobalSection(ExtensibilityGlobals) = postSolution
		SolutionGuid = {12C8605D-C0B8-49E0-8869-A9E6AC7E63EC}
	EndGlobalSection
EndGlobal
