
Microsoft Visual Studio Solution File, Format Version 12.00
# Visual Studio Version 17
VisualStudioVersion = 17.5.33530.505
MinimumVisualStudioVersion = 10.0.40219.1
Project("{FAE04EC0-301F-11D3-BF4B-00C04F79EFBC}") = "1_FrameworkConsoleApp", "1_FrameworkConsoleApp\1_FrameworkConsoleApp.csproj", "{5BC71C27-E5E5-4862-9113-6FB93D6DFEF5}"
EndProject
Project("{FAE04EC0-301F-11D3-BF4B-00C04F79EFBC}") = "2_Datatypes", "2_Datatypes\2_Datatypes.csproj", "{21054ED3-D508-4167-8EDE-57BC4CCD20EC}"
EndProject
Project("{FAE04EC0-301F-11D3-BF4B-00C04F79EFBC}") = "3_Operators", "3_Operators\3_Operators.csproj", "{DC37D1B7-415B-4EA5-8D90-7021AA4036B1}"
EndProject
Project("{FAE04EC0-301F-11D3-BF4B-00C04F79EFBC}") = "4_StringType", "4_StringType\4_StringType.csproj", "{0AEBD1B2-E830-4A58-A76A-06BDF51EC46C}"
EndProject
Project("{FAE04EC0-301F-11D3-BF4B-00C04F79EFBC}") = "5_TypeConversion", "5_TypeConversion\5_TypeConversion.csproj", "{BDE07022-FC06-47DC-9AA9-26FD89835072}"
EndProject
Project("{FAE04EC0-301F-11D3-BF4B-00C04F79EFBC}") = "6_NullableType", "6_NullableType\6_NullableType.csproj", "{307DB93B-C458-4D87-908E-A8B0A9CAF166}"
EndProject
Project("{FAE04EC0-301F-11D3-BF4B-00C04F79EFBC}") = "7_ConditionalStatements", "7_ConditionalStatements\7_ConditionalStatements.csproj", "{A2FFDEAB-A927-4BE3-BA42-F46112C62BDB}"
EndProject
Project("{FAE04EC0-301F-11D3-BF4B-00C04F79EFBC}") = "8_ConditionalStatementsExamples", "8_ConditionalStatementsExamples\8_ConditionalStatementsExamples.csproj", "{D3C64DC5-0D92-4554-8EAD-33408B3E331F}"
EndProject
Project("{FAE04EC0-301F-11D3-BF4B-00C04F79EFBC}") = "9_LoopingStatements", "9_LoopingStatements\9_LoopingStatements.csproj", "{5DE7D074-2EF3-443C-9789-9D3F2AA8D634}"
EndProject
Project("{FAE04EC0-301F-11D3-BF4B-00C04F79EFBC}") = "10_ArrayDemo", "10_ArrayDemo\10_ArrayDemo.csproj", "{EB652F3E-AFE2-4292-8092-E802382E084E}"
EndProject
Project("{FAE04EC0-301F-11D3-BF4B-00C04F79EFBC}") = "11_ArrayExample", "11_ArrayExample\11_ArrayExample.csproj", "{C5CDD0CB-A322-4226-B08E-740AA11C1DA5}"
EndProject
Project("{FAE04EC0-301F-11D3-BF4B-00C04F79EFBC}") = "12_MethodsDemo", "12_MethodsDemo\12_MethodsDemo.csproj", "{82601144-2FCF-4D61-BC3F-B99A207371DB}"
EndProject
Project("{FAE04EC0-301F-11D3-BF4B-00C04F79EFBC}") = "13_MethodParameters", "13_MethodParameters\13_MethodParameters.csproj", "{EA736A32-7B14-42DA-8200-034688AC17B7}"
EndProject
Project("{FAE04EC0-301F-11D3-BF4B-00C04F79EFBC}") = "14_OptinoalMethodParameter", "14_OptinoalMethodParameter\14_OptinoalMethodParameter.csproj", "{ACB41D32-1412-4859-B0AF-DF49A988ADE9}"
EndProject
Project("{FAE04EC0-301F-11D3-BF4B-00C04F79EFBC}") = "15_ClassDemo", "15_ClassDemo\15_ClassDemo.csproj", "{94F83B58-4B70-46B1-986D-33DC19F21BAF}"
EndProject
Project("{FAE04EC0-301F-11D3-BF4B-00C04F79EFBC}") = "16_BoxingUnBoxing", "16_BoxingUnBoxing\16_BoxingUnBoxing.csproj", "{47F8F19B-2138-439E-BD54-BFD91DC02B71}"
EndProject
Project("{FAE04EC0-301F-11D3-BF4B-00C04F79EFBC}") = "17_ClassObjectDemo", "17_ClassObjectDemo\17_ClassObjectDemo.csproj", "{1A4F2E2C-6023-472D-B870-6DD60CEC1B3A}"
EndProject
Project("{FAE04EC0-301F-11D3-BF4B-00C04F79EFBC}") = "18-Constructors", "18-Constructors\18-Constructors.csproj", "{45635206-0ECB-40F8-93AF-432D075C5B60}"
EndProject
Project("{FAE04EC0-301F-11D3-BF4B-00C04F79EFBC}") = "19-Inheritance", "19-Inheritance\19-Inheritance.csproj", "{14185D96-984A-454C-BD9B-B5149226F1DE}"
EndProject
Project("{FAE04EC0-301F-11D3-BF4B-00C04F79EFBC}") = "20-methodhiding", "20-methodhiding\20-methodhiding.csproj", "{9C8452AB-F044-4517-812C-F5F4347463E7}"
EndProject
Project("{FAE04EC0-301F-11D3-BF4B-00C04F79EFBC}") = "21-methodoverriding", "21-methodoverriding\21-methodoverriding.csproj", "{6170839F-18E7-4A47-B007-43EA5641878D}"
EndProject
Project("{FAE04EC0-301F-11D3-BF4B-00C04F79EFBC}") = "22-methodoverriding-questions", "22-methodoverriding-questions\22-methodoverriding-questions.csproj", "{4871767B-4BCE-4E94-93C1-7C2BD4E23246}"
EndProject
Project("{FAE04EC0-301F-11D3-BF4B-00C04F79EFBC}") = "23-MultipleClassInheritanceProblem", "23-MultipleClassInheritanceProblem\23-MultipleClassInheritanceProblem.csproj", "{F5BE067A-B79B-4445-AB1B-1CCF4CDD7B6D}"
EndProject
Project("{FAE04EC0-301F-11D3-BF4B-00C04F79EFBC}") = "24-methodoverloading", "24-methodoverloading\24-methodoverloading.csproj", "{7FC95272-3FA4-484C-9303-806457913F59}"
EndProject
Project("{FAE04EC0-301F-11D3-BF4B-00C04F79EFBC}") = "25-operatoroverloading", "25-operatoroverloading\25-operatoroverloading.csproj", "{1B134F5C-D9A3-41EE-8155-581B834E3B74}"
EndProject
Project("{FAE04EC0-301F-11D3-BF4B-00C04F79EFBC}") = "26-methodoverloading-scenario", "26-methodoverloading-scenario\26-methodoverloading-scenario.csproj", "{88525B56-C94A-4707-9119-0033FD69B0FE}"
EndProject
Project("{FAE04EC0-301F-11D3-BF4B-00C04F79EFBC}") = "27-abstractkeyword", "27-abstractkeyword\27-abstractkeyword.csproj", "{7048D774-3686-4046-8AB0-D6E1468D9693}"
EndProject
Project("{FAE04EC0-301F-11D3-BF4B-00C04F79EFBC}") = "28-sealedkeyword", "28-sealedkeyword\28-sealedkeyword.csproj", "{20AB466C-66BC-4DDB-809A-841995074BD6}"
EndProject
Project("{FAE04EC0-301F-11D3-BF4B-00C04F79EFBC}") = "29-interfaces", "29-interfaces\29-interfaces.csproj", "{BF93DD90-A262-4E14-B8ED-FDFE2DD06D43}"
EndProject
Project("{FAE04EC0-301F-11D3-BF4B-00C04F79EFBC}") = "30-namespaceDemo", "30-namespaceDemo\30-namespaceDemo.csproj", "{907E8F74-8AA8-43BF-876F-88335FD47846}"
EndProject
Project("{FAE04EC0-301F-11D3-BF4B-00C04F79EFBC}") = "31-MathLibrary", "31-MathLibrary\31-MathLibrary.csproj", "{3450B3F6-64AE-4EA8-B34B-DCA38E7A6D11}"
EndProject
Project("{FAE04EC0-301F-11D3-BF4B-00C04F79EFBC}") = "31-MathLibraryClient", "31-MathLibraryClient\31-MathLibraryClient.csproj", "{7CF94EFB-4FB3-4F7C-BD05-5088E99CDA3B}"
EndProject
Project("{FAE04EC0-301F-11D3-BF4B-00C04F79EFBC}") = "31-MathLibraryClient2", "31-MathLibraryClient2\31-MathLibraryClient2.csproj", "{8E435EA0-E5DC-4C5A-BBD5-E86E5CD60F74}"
EndProject
Project("{FAE04EC0-301F-11D3-BF4B-00C04F79EFBC}") = "32-ObjectType", "32-ObjectType\32-ObjectType.csproj", "{89136169-C3D4-4CC5-8E03-74AFAFDB2713}"
EndProject
Project("{FAE04EC0-301F-11D3-BF4B-00C04F79EFBC}") = "33-varDynamicKeywords", "33-varDynamicKeywords\33-varDynamicKeywords.csproj", "{ADB207AA-21BA-4D94-ADEF-E50BFCF043F0}"
EndProject
Project("{FAE04EC0-301F-11D3-BF4B-00C04F79EFBC}") = "34-abstractionEncapsulation", "34-abstractionEncapsulation\34-abstractionEncapsulation.csproj", "{49231FE0-FAFF-4134-BA89-B32C194A8A07}"
EndProject
Project("{FAE04EC0-301F-11D3-BF4B-00C04F79EFBC}") = "35-Properties", "35-Properties\35-Properties.csproj", "{89D05AD1-B24E-4F4B-8E14-A2BF8CAB4404}"
EndProject
Project("{FAE04EC0-301F-11D3-BF4B-00C04F79EFBC}") = "36-CompanyLibrary", "36-CompanyLibrary\36-CompanyLibrary.csproj", "{31B30260-FCA2-44A8-9352-56F5ACC5DC74}"
EndProject
Project("{FAE04EC0-301F-11D3-BF4B-00C04F79EFBC}") = "36-CompanyLibraryClient", "36-CompanyLibraryClient\36-CompanyLibraryClient.csproj", "{C12CA09E-F0AA-44D0-82DE-560AFC2884AC}"
EndProject
Project("{FAE04EC0-301F-11D3-BF4B-00C04F79EFBC}") = "37-ExceptionHandling", "37-ExceptionHandling\37-ExceptionHandling.csproj", "{E71A7090-F0F1-4570-9AAB-EBA19D865E55}"
EndProject
Project("{FAE04EC0-301F-11D3-BF4B-00C04F79EFBC}") = "38-ExceptionHandling-Continued", "38-ExceptionHandling-Continued\38-ExceptionHandling-Continued.csproj", "{69E62DF1-CE00-42AC-8932-D9F29691C188}"
EndProject
Project("{FAE04EC0-301F-11D3-BF4B-00C04F79EFBC}") = "39-ExceptionHandling-Scenario", "39-ExceptionHandling-Scenario\39-ExceptionHandling-Scenario.csproj", "{3B01914C-4F45-402E-AC36-33FE3970BC46}"
EndProject
Project("{FAE04EC0-301F-11D3-BF4B-00C04F79EFBC}") = "40-partialClass", "40-partialClass\40-partialClass.csproj", "{4545FDFB-0EE0-45C3-9843-1E84A43572DD}"
EndProject
Project("{FAE04EC0-301F-11D3-BF4B-00C04F79EFBC}") = "41-Generics", "41-Generics\41-Generics.csproj", "{A2071180-B923-44D0-BEA9-E4A1292DC663}"
EndProject
Project("{FAE04EC0-301F-11D3-BF4B-00C04F79EFBC}") = "42_Enum", "42_Enum\42_Enum.csproj", "{71CD1A26-F6C6-47D9-9203-84A42D7DBAD8}"
EndProject
Project("{FAE04EC0-301F-11D3-BF4B-00C04F79EFBC}") = "43_Delegates", "43_Delegates\43_Delegates.csproj", "{CF4048B5-0E25-47F4-B748-12F9D48FD4EF}"
EndProject
Project("{FAE04EC0-301F-11D3-BF4B-00C04F79EFBC}") = "44_MulticastDelegates", "44_MulticastDelegates\44_MulticastDelegates.csproj", "{3C7BF51A-2F12-4374-8925-4AD1C3D55DD4}"
EndProject
Project("{FAE04EC0-301F-11D3-BF4B-00C04F79EFBC}") = "45_GenericDelegates", "45_GenericDelegates\45_GenericDelegates.csproj", "{5A1846DA-BAFC-49F3-8C1A-E23F3E324935}"
EndProject
Project("{FAE04EC0-301F-11D3-BF4B-00C04F79EFBC}") = "46_constreadonlyKeywords", "46_constreadonlyKeywords\46_constreadonlyKeywords.csproj", "{531283EE-FB90-48EA-858C-3E33E4B95C77}"
EndProject
Project("{FAE04EC0-301F-11D3-BF4B-00C04F79EFBC}") = "47_isasKeywords", "47_isasKeywords\47_isasKeywords.csproj", "{C3BF12E8-5872-43C2-A4EE-61FD7348A7B5}"
EndProject
Project("{FAE04EC0-301F-11D3-BF4B-00C04F79EFBC}") = "48_stringAndstringbuilder", "48_stringAndstringbuilder\48_stringAndstringbuilder.csproj", "{DFE05A34-8A5C-4F97-9764-1F3E07530808}"
EndProject
Global
	GlobalSection(SolutionConfigurationPlatforms) = preSolution
		Debug|Any CPU = Debug|Any CPU
		Release|Any CPU = Release|Any CPU
	EndGlobalSection
	GlobalSection(ProjectConfigurationPlatforms) = postSolution
		{5BC71C27-E5E5-4862-9113-6FB93D6DFEF5}.Debug|Any CPU.ActiveCfg = Debug|Any CPU
		{5BC71C27-E5E5-4862-9113-6FB93D6DFEF5}.Debug|Any CPU.Build.0 = Debug|Any CPU
		{5BC71C27-E5E5-4862-9113-6FB93D6DFEF5}.Release|Any CPU.ActiveCfg = Release|Any CPU
		{5BC71C27-E5E5-4862-9113-6FB93D6DFEF5}.Release|Any CPU.Build.0 = Release|Any CPU
		{21054ED3-D508-4167-8EDE-57BC4CCD20EC}.Debug|Any CPU.ActiveCfg = Debug|Any CPU
		{21054ED3-D508-4167-8EDE-57BC4CCD20EC}.Debug|Any CPU.Build.0 = Debug|Any CPU
		{21054ED3-D508-4167-8EDE-57BC4CCD20EC}.Release|Any CPU.ActiveCfg = Release|Any CPU
		{21054ED3-D508-4167-8EDE-57BC4CCD20EC}.Release|Any CPU.Build.0 = Release|Any CPU
		{DC37D1B7-415B-4EA5-8D90-7021AA4036B1}.Debug|Any CPU.ActiveCfg = Debug|Any CPU
		{DC37D1B7-415B-4EA5-8D90-7021AA4036B1}.Debug|Any CPU.Build.0 = Debug|Any CPU
		{DC37D1B7-415B-4EA5-8D90-7021AA4036B1}.Release|Any CPU.ActiveCfg = Release|Any CPU
		{DC37D1B7-415B-4EA5-8D90-7021AA4036B1}.Release|Any CPU.Build.0 = Release|Any CPU
		{0AEBD1B2-E830-4A58-A76A-06BDF51EC46C}.Debug|Any CPU.ActiveCfg = Debug|Any CPU
		{0AEBD1B2-E830-4A58-A76A-06BDF51EC46C}.Debug|Any CPU.Build.0 = Debug|Any CPU
		{0AEBD1B2-E830-4A58-A76A-06BDF51EC46C}.Release|Any CPU.ActiveCfg = Release|Any CPU
		{0AEBD1B2-E830-4A58-A76A-06BDF51EC46C}.Release|Any CPU.Build.0 = Release|Any CPU
		{BDE07022-FC06-47DC-9AA9-26FD89835072}.Debug|Any CPU.ActiveCfg = Debug|Any CPU
		{BDE07022-FC06-47DC-9AA9-26FD89835072}.Debug|Any CPU.Build.0 = Debug|Any CPU
		{BDE07022-FC06-47DC-9AA9-26FD89835072}.Release|Any CPU.ActiveCfg = Release|Any CPU
		{BDE07022-FC06-47DC-9AA9-26FD89835072}.Release|Any CPU.Build.0 = Release|Any CPU
		{307DB93B-C458-4D87-908E-A8B0A9CAF166}.Debug|Any CPU.ActiveCfg = Debug|Any CPU
		{307DB93B-C458-4D87-908E-A8B0A9CAF166}.Debug|Any CPU.Build.0 = Debug|Any CPU
		{307DB93B-C458-4D87-908E-A8B0A9CAF166}.Release|Any CPU.ActiveCfg = Release|Any CPU
		{307DB93B-C458-4D87-908E-A8B0A9CAF166}.Release|Any CPU.Build.0 = Release|Any CPU
		{A2FFDEAB-A927-4BE3-BA42-F46112C62BDB}.Debug|Any CPU.ActiveCfg = Debug|Any CPU
		{A2FFDEAB-A927-4BE3-BA42-F46112C62BDB}.Debug|Any CPU.Build.0 = Debug|Any CPU
		{A2FFDEAB-A927-4BE3-BA42-F46112C62BDB}.Release|Any CPU.ActiveCfg = Release|Any CPU
		{A2FFDEAB-A927-4BE3-BA42-F46112C62BDB}.Release|Any CPU.Build.0 = Release|Any CPU
		{D3C64DC5-0D92-4554-8EAD-33408B3E331F}.Debug|Any CPU.ActiveCfg = Debug|Any CPU
		{D3C64DC5-0D92-4554-8EAD-33408B3E331F}.Debug|Any CPU.Build.0 = Debug|Any CPU
		{D3C64DC5-0D92-4554-8EAD-33408B3E331F}.Release|Any CPU.ActiveCfg = Release|Any CPU
		{D3C64DC5-0D92-4554-8EAD-33408B3E331F}.Release|Any CPU.Build.0 = Release|Any CPU
		{5DE7D074-2EF3-443C-9789-9D3F2AA8D634}.Debug|Any CPU.ActiveCfg = Debug|Any CPU
		{5DE7D074-2EF3-443C-9789-9D3F2AA8D634}.Debug|Any CPU.Build.0 = Debug|Any CPU
		{5DE7D074-2EF3-443C-9789-9D3F2AA8D634}.Release|Any CPU.ActiveCfg = Release|Any CPU
		{5DE7D074-2EF3-443C-9789-9D3F2AA8D634}.Release|Any CPU.Build.0 = Release|Any CPU
		{EB652F3E-AFE2-4292-8092-E802382E084E}.Debug|Any CPU.ActiveCfg = Debug|Any CPU
		{EB652F3E-AFE2-4292-8092-E802382E084E}.Debug|Any CPU.Build.0 = Debug|Any CPU
		{EB652F3E-AFE2-4292-8092-E802382E084E}.Release|Any CPU.ActiveCfg = Release|Any CPU
		{EB652F3E-AFE2-4292-8092-E802382E084E}.Release|Any CPU.Build.0 = Release|Any CPU
		{C5CDD0CB-A322-4226-B08E-740AA11C1DA5}.Debug|Any CPU.ActiveCfg = Debug|Any CPU
		{C5CDD0CB-A322-4226-B08E-740AA11C1DA5}.Debug|Any CPU.Build.0 = Debug|Any CPU
		{C5CDD0CB-A322-4226-B08E-740AA11C1DA5}.Release|Any CPU.ActiveCfg = Release|Any CPU
		{C5CDD0CB-A322-4226-B08E-740AA11C1DA5}.Release|Any CPU.Build.0 = Release|Any CPU
		{82601144-2FCF-4D61-BC3F-B99A207371DB}.Debug|Any CPU.ActiveCfg = Debug|Any CPU
		{82601144-2FCF-4D61-BC3F-B99A207371DB}.Debug|Any CPU.Build.0 = Debug|Any CPU
		{82601144-2FCF-4D61-BC3F-B99A207371DB}.Release|Any CPU.ActiveCfg = Release|Any CPU
		{82601144-2FCF-4D61-BC3F-B99A207371DB}.Release|Any CPU.Build.0 = Release|Any CPU
		{EA736A32-7B14-42DA-8200-034688AC17B7}.Debug|Any CPU.ActiveCfg = Debug|Any CPU
		{EA736A32-7B14-42DA-8200-034688AC17B7}.Debug|Any CPU.Build.0 = Debug|Any CPU
		{EA736A32-7B14-42DA-8200-034688AC17B7}.Release|Any CPU.ActiveCfg = Release|Any CPU
		{EA736A32-7B14-42DA-8200-034688AC17B7}.Release|Any CPU.Build.0 = Release|Any CPU
		{ACB41D32-1412-4859-B0AF-DF49A988ADE9}.Debug|Any CPU.ActiveCfg = Debug|Any CPU
		{ACB41D32-1412-4859-B0AF-DF49A988ADE9}.Debug|Any CPU.Build.0 = Debug|Any CPU
		{ACB41D32-1412-4859-B0AF-DF49A988ADE9}.Release|Any CPU.ActiveCfg = Release|Any CPU
		{ACB41D32-1412-4859-B0AF-DF49A988ADE9}.Release|Any CPU.Build.0 = Release|Any CPU
		{94F83B58-4B70-46B1-986D-33DC19F21BAF}.Debug|Any CPU.ActiveCfg = Debug|Any CPU
		{94F83B58-4B70-46B1-986D-33DC19F21BAF}.Debug|Any CPU.Build.0 = Debug|Any CPU
		{94F83B58-4B70-46B1-986D-33DC19F21BAF}.Release|Any CPU.ActiveCfg = Release|Any CPU
		{94F83B58-4B70-46B1-986D-33DC19F21BAF}.Release|Any CPU.Build.0 = Release|Any CPU
		{47F8F19B-2138-439E-BD54-BFD91DC02B71}.Debug|Any CPU.ActiveCfg = Debug|Any CPU
		{47F8F19B-2138-439E-BD54-BFD91DC02B71}.Debug|Any CPU.Build.0 = Debug|Any CPU
		{47F8F19B-2138-439E-BD54-BFD91DC02B71}.Release|Any CPU.ActiveCfg = Release|Any CPU
		{47F8F19B-2138-439E-BD54-BFD91DC02B71}.Release|Any CPU.Build.0 = Release|Any CPU
		{1A4F2E2C-6023-472D-B870-6DD60CEC1B3A}.Debug|Any CPU.ActiveCfg = Debug|Any CPU
		{1A4F2E2C-6023-472D-B870-6DD60CEC1B3A}.Debug|Any CPU.Build.0 = Debug|Any CPU
		{1A4F2E2C-6023-472D-B870-6DD60CEC1B3A}.Release|Any CPU.ActiveCfg = Release|Any CPU
		{1A4F2E2C-6023-472D-B870-6DD60CEC1B3A}.Release|Any CPU.Build.0 = Release|Any CPU
		{45635206-0ECB-40F8-93AF-432D075C5B60}.Debug|Any CPU.ActiveCfg = Debug|Any CPU
		{45635206-0ECB-40F8-93AF-432D075C5B60}.Debug|Any CPU.Build.0 = Debug|Any CPU
		{45635206-0ECB-40F8-93AF-432D075C5B60}.Release|Any CPU.ActiveCfg = Release|Any CPU
		{45635206-0ECB-40F8-93AF-432D075C5B60}.Release|Any CPU.Build.0 = Release|Any CPU
		{14185D96-984A-454C-BD9B-B5149226F1DE}.Debug|Any CPU.ActiveCfg = Debug|Any CPU
		{14185D96-984A-454C-BD9B-B5149226F1DE}.Debug|Any CPU.Build.0 = Debug|Any CPU
		{14185D96-984A-454C-BD9B-B5149226F1DE}.Release|Any CPU.ActiveCfg = Release|Any CPU
		{14185D96-984A-454C-BD9B-B5149226F1DE}.Release|Any CPU.Build.0 = Release|Any CPU
		{9C8452AB-F044-4517-812C-F5F4347463E7}.Debug|Any CPU.ActiveCfg = Debug|Any CPU
		{9C8452AB-F044-4517-812C-F5F4347463E7}.Debug|Any CPU.Build.0 = Debug|Any CPU
		{9C8452AB-F044-4517-812C-F5F4347463E7}.Release|Any CPU.ActiveCfg = Release|Any CPU
		{9C8452AB-F044-4517-812C-F5F4347463E7}.Release|Any CPU.Build.0 = Release|Any CPU
		{6170839F-18E7-4A47-B007-43EA5641878D}.Debug|Any CPU.ActiveCfg = Debug|Any CPU
		{6170839F-18E7-4A47-B007-43EA5641878D}.Debug|Any CPU.Build.0 = Debug|Any CPU
		{6170839F-18E7-4A47-B007-43EA5641878D}.Release|Any CPU.ActiveCfg = Release|Any CPU
		{6170839F-18E7-4A47-B007-43EA5641878D}.Release|Any CPU.Build.0 = Release|Any CPU
		{4871767B-4BCE-4E94-93C1-7C2BD4E23246}.Debug|Any CPU.ActiveCfg = Debug|Any CPU
		{4871767B-4BCE-4E94-93C1-7C2BD4E23246}.Debug|Any CPU.Build.0 = Debug|Any CPU
		{4871767B-4BCE-4E94-93C1-7C2BD4E23246}.Release|Any CPU.ActiveCfg = Release|Any CPU
		{4871767B-4BCE-4E94-93C1-7C2BD4E23246}.Release|Any CPU.Build.0 = Release|Any CPU
		{F5BE067A-B79B-4445-AB1B-1CCF4CDD7B6D}.Debug|Any CPU.ActiveCfg = Debug|Any CPU
		{F5BE067A-B79B-4445-AB1B-1CCF4CDD7B6D}.Debug|Any CPU.Build.0 = Debug|Any CPU
		{F5BE067A-B79B-4445-AB1B-1CCF4CDD7B6D}.Release|Any CPU.ActiveCfg = Release|Any CPU
		{F5BE067A-B79B-4445-AB1B-1CCF4CDD7B6D}.Release|Any CPU.Build.0 = Release|Any CPU
		{7FC95272-3FA4-484C-9303-806457913F59}.Debug|Any CPU.ActiveCfg = Debug|Any CPU
		{7FC95272-3FA4-484C-9303-806457913F59}.Debug|Any CPU.Build.0 = Debug|Any CPU
		{7FC95272-3FA4-484C-9303-806457913F59}.Release|Any CPU.ActiveCfg = Release|Any CPU
		{7FC95272-3FA4-484C-9303-806457913F59}.Release|Any CPU.Build.0 = Release|Any CPU
		{1B134F5C-D9A3-41EE-8155-581B834E3B74}.Debug|Any CPU.ActiveCfg = Debug|Any CPU
		{1B134F5C-D9A3-41EE-8155-581B834E3B74}.Debug|Any CPU.Build.0 = Debug|Any CPU
		{1B134F5C-D9A3-41EE-8155-581B834E3B74}.Release|Any CPU.ActiveCfg = Release|Any CPU
		{1B134F5C-D9A3-41EE-8155-581B834E3B74}.Release|Any CPU.Build.0 = Release|Any CPU
		{88525B56-C94A-4707-9119-0033FD69B0FE}.Debug|Any CPU.ActiveCfg = Debug|Any CPU
		{88525B56-C94A-4707-9119-0033FD69B0FE}.Debug|Any CPU.Build.0 = Debug|Any CPU
		{88525B56-C94A-4707-9119-0033FD69B0FE}.Release|Any CPU.ActiveCfg = Release|Any CPU
		{88525B56-C94A-4707-9119-0033FD69B0FE}.Release|Any CPU.Build.0 = Release|Any CPU
		{7048D774-3686-4046-8AB0-D6E1468D9693}.Debug|Any CPU.ActiveCfg = Debug|Any CPU
		{7048D774-3686-4046-8AB0-D6E1468D9693}.Debug|Any CPU.Build.0 = Debug|Any CPU
		{7048D774-3686-4046-8AB0-D6E1468D9693}.Release|Any CPU.ActiveCfg = Release|Any CPU
		{7048D774-3686-4046-8AB0-D6E1468D9693}.Release|Any CPU.Build.0 = Release|Any CPU
		{20AB466C-66BC-4DDB-809A-841995074BD6}.Debug|Any CPU.ActiveCfg = Debug|Any CPU
		{20AB466C-66BC-4DDB-809A-841995074BD6}.Debug|Any CPU.Build.0 = Debug|Any CPU
		{20AB466C-66BC-4DDB-809A-841995074BD6}.Release|Any CPU.ActiveCfg = Release|Any CPU
		{20AB466C-66BC-4DDB-809A-841995074BD6}.Release|Any CPU.Build.0 = Release|Any CPU
		{BF93DD90-A262-4E14-B8ED-FDFE2DD06D43}.Debug|Any CPU.ActiveCfg = Debug|Any CPU
		{BF93DD90-A262-4E14-B8ED-FDFE2DD06D43}.Debug|Any CPU.Build.0 = Debug|Any CPU
		{BF93DD90-A262-4E14-B8ED-FDFE2DD06D43}.Release|Any CPU.ActiveCfg = Release|Any CPU
		{BF93DD90-A262-4E14-B8ED-FDFE2DD06D43}.Release|Any CPU.Build.0 = Release|Any CPU
		{907E8F74-8AA8-43BF-876F-88335FD47846}.Debug|Any CPU.ActiveCfg = Debug|Any CPU
		{907E8F74-8AA8-43BF-876F-88335FD47846}.Debug|Any CPU.Build.0 = Debug|Any CPU
		{907E8F74-8AA8-43BF-876F-88335FD47846}.Release|Any CPU.ActiveCfg = Release|Any CPU
		{907E8F74-8AA8-43BF-876F-88335FD47846}.Release|Any CPU.Build.0 = Release|Any CPU
		{3450B3F6-64AE-4EA8-B34B-DCA38E7A6D11}.Debug|Any CPU.ActiveCfg = Debug|Any CPU
		{3450B3F6-64AE-4EA8-B34B-DCA38E7A6D11}.Debug|Any CPU.Build.0 = Debug|Any CPU
		{3450B3F6-64AE-4EA8-B34B-DCA38E7A6D11}.Release|Any CPU.ActiveCfg = Release|Any CPU
		{3450B3F6-64AE-4EA8-B34B-DCA38E7A6D11}.Release|Any CPU.Build.0 = Release|Any CPU
		{7CF94EFB-4FB3-4F7C-BD05-5088E99CDA3B}.Debug|Any CPU.ActiveCfg = Debug|Any CPU
		{7CF94EFB-4FB3-4F7C-BD05-5088E99CDA3B}.Debug|Any CPU.Build.0 = Debug|Any CPU
		{7CF94EFB-4FB3-4F7C-BD05-5088E99CDA3B}.Release|Any CPU.ActiveCfg = Release|Any CPU
		{7CF94EFB-4FB3-4F7C-BD05-5088E99CDA3B}.Release|Any CPU.Build.0 = Release|Any CPU
		{8E435EA0-E5DC-4C5A-BBD5-E86E5CD60F74}.Debug|Any CPU.ActiveCfg = Debug|Any CPU
		{8E435EA0-E5DC-4C5A-BBD5-E86E5CD60F74}.Debug|Any CPU.Build.0 = Debug|Any CPU
		{8E435EA0-E5DC-4C5A-BBD5-E86E5CD60F74}.Release|Any CPU.ActiveCfg = Release|Any CPU
		{8E435EA0-E5DC-4C5A-BBD5-E86E5CD60F74}.Release|Any CPU.Build.0 = Release|Any CPU
		{89136169-C3D4-4CC5-8E03-74AFAFDB2713}.Debug|Any CPU.ActiveCfg = Debug|Any CPU
		{89136169-C3D4-4CC5-8E03-74AFAFDB2713}.Debug|Any CPU.Build.0 = Debug|Any CPU
		{89136169-C3D4-4CC5-8E03-74AFAFDB2713}.Release|Any CPU.ActiveCfg = Release|Any CPU
		{89136169-C3D4-4CC5-8E03-74AFAFDB2713}.Release|Any CPU.Build.0 = Release|Any CPU
		{ADB207AA-21BA-4D94-ADEF-E50BFCF043F0}.Debug|Any CPU.ActiveCfg = Debug|Any CPU
		{ADB207AA-21BA-4D94-ADEF-E50BFCF043F0}.Debug|Any CPU.Build.0 = Debug|Any CPU
		{ADB207AA-21BA-4D94-ADEF-E50BFCF043F0}.Release|Any CPU.ActiveCfg = Release|Any CPU
		{ADB207AA-21BA-4D94-ADEF-E50BFCF043F0}.Release|Any CPU.Build.0 = Release|Any CPU
		{49231FE0-FAFF-4134-BA89-B32C194A8A07}.Debug|Any CPU.ActiveCfg = Debug|Any CPU
		{49231FE0-FAFF-4134-BA89-B32C194A8A07}.Debug|Any CPU.Build.0 = Debug|Any CPU
		{49231FE0-FAFF-4134-BA89-B32C194A8A07}.Release|Any CPU.ActiveCfg = Release|Any CPU
		{49231FE0-FAFF-4134-BA89-B32C194A8A07}.Release|Any CPU.Build.0 = Release|Any CPU
		{89D05AD1-B24E-4F4B-8E14-A2BF8CAB4404}.Debug|Any CPU.ActiveCfg = Debug|Any CPU
		{89D05AD1-B24E-4F4B-8E14-A2BF8CAB4404}.Debug|Any CPU.Build.0 = Debug|Any CPU
		{89D05AD1-B24E-4F4B-8E14-A2BF8CAB4404}.Release|Any CPU.ActiveCfg = Release|Any CPU
		{89D05AD1-B24E-4F4B-8E14-A2BF8CAB4404}.Release|Any CPU.Build.0 = Release|Any CPU
		{31B30260-FCA2-44A8-9352-56F5ACC5DC74}.Debug|Any CPU.ActiveCfg = Debug|Any CPU
		{31B30260-FCA2-44A8-9352-56F5ACC5DC74}.Debug|Any CPU.Build.0 = Debug|Any CPU
		{31B30260-FCA2-44A8-9352-56F5ACC5DC74}.Release|Any CPU.ActiveCfg = Release|Any CPU
		{31B30260-FCA2-44A8-9352-56F5ACC5DC74}.Release|Any CPU.Build.0 = Release|Any CPU
		{C12CA09E-F0AA-44D0-82DE-560AFC2884AC}.Debug|Any CPU.ActiveCfg = Debug|Any CPU
		{C12CA09E-F0AA-44D0-82DE-560AFC2884AC}.Debug|Any CPU.Build.0 = Debug|Any CPU
		{C12CA09E-F0AA-44D0-82DE-560AFC2884AC}.Release|Any CPU.ActiveCfg = Release|Any CPU
		{C12CA09E-F0AA-44D0-82DE-560AFC2884AC}.Release|Any CPU.Build.0 = Release|Any CPU
		{E71A7090-F0F1-4570-9AAB-EBA19D865E55}.Debug|Any CPU.ActiveCfg = Debug|Any CPU
		{E71A7090-F0F1-4570-9AAB-EBA19D865E55}.Debug|Any CPU.Build.0 = Debug|Any CPU
		{E71A7090-F0F1-4570-9AAB-EBA19D865E55}.Release|Any CPU.ActiveCfg = Release|Any CPU
		{E71A7090-F0F1-4570-9AAB-EBA19D865E55}.Release|Any CPU.Build.0 = Release|Any CPU
		{69E62DF1-CE00-42AC-8932-D9F29691C188}.Debug|Any CPU.ActiveCfg = Debug|Any CPU
		{69E62DF1-CE00-42AC-8932-D9F29691C188}.Debug|Any CPU.Build.0 = Debug|Any CPU
		{69E62DF1-CE00-42AC-8932-D9F29691C188}.Release|Any CPU.ActiveCfg = Release|Any CPU
		{69E62DF1-CE00-42AC-8932-D9F29691C188}.Release|Any CPU.Build.0 = Release|Any CPU
		{3B01914C-4F45-402E-AC36-33FE3970BC46}.Debug|Any CPU.ActiveCfg = Debug|Any CPU
		{3B01914C-4F45-402E-AC36-33FE3970BC46}.Debug|Any CPU.Build.0 = Debug|Any CPU
		{3B01914C-4F45-402E-AC36-33FE3970BC46}.Release|Any CPU.ActiveCfg = Release|Any CPU
		{3B01914C-4F45-402E-AC36-33FE3970BC46}.Release|Any CPU.Build.0 = Release|Any CPU
		{4545FDFB-0EE0-45C3-9843-1E84A43572DD}.Debug|Any CPU.ActiveCfg = Debug|Any CPU
		{4545FDFB-0EE0-45C3-9843-1E84A43572DD}.Debug|Any CPU.Build.0 = Debug|Any CPU
		{4545FDFB-0EE0-45C3-9843-1E84A43572DD}.Release|Any CPU.ActiveCfg = Release|Any CPU
		{4545FDFB-0EE0-45C3-9843-1E84A43572DD}.Release|Any CPU.Build.0 = Release|Any CPU
		{A2071180-B923-44D0-BEA9-E4A1292DC663}.Debug|Any CPU.ActiveCfg = Debug|Any CPU
		{A2071180-B923-44D0-BEA9-E4A1292DC663}.Debug|Any CPU.Build.0 = Debug|Any CPU
		{A2071180-B923-44D0-BEA9-E4A1292DC663}.Release|Any CPU.ActiveCfg = Release|Any CPU
		{A2071180-B923-44D0-BEA9-E4A1292DC663}.Release|Any CPU.Build.0 = Release|Any CPU
		{71CD1A26-F6C6-47D9-9203-84A42D7DBAD8}.Debug|Any CPU.ActiveCfg = Debug|Any CPU
		{71CD1A26-F6C6-47D9-9203-84A42D7DBAD8}.Debug|Any CPU.Build.0 = Debug|Any CPU
		{71CD1A26-F6C6-47D9-9203-84A42D7DBAD8}.Release|Any CPU.ActiveCfg = Release|Any CPU
		{71CD1A26-F6C6-47D9-9203-84A42D7DBAD8}.Release|Any CPU.Build.0 = Release|Any CPU
		{CF4048B5-0E25-47F4-B748-12F9D48FD4EF}.Debug|Any CPU.ActiveCfg = Debug|Any CPU
		{CF4048B5-0E25-47F4-B748-12F9D48FD4EF}.Debug|Any CPU.Build.0 = Debug|Any CPU
		{CF4048B5-0E25-47F4-B748-12F9D48FD4EF}.Release|Any CPU.ActiveCfg = Release|Any CPU
		{CF4048B5-0E25-47F4-B748-12F9D48FD4EF}.Release|Any CPU.Build.0 = Release|Any CPU
		{3C7BF51A-2F12-4374-8925-4AD1C3D55DD4}.Debug|Any CPU.ActiveCfg = Debug|Any CPU
		{3C7BF51A-2F12-4374-8925-4AD1C3D55DD4}.Debug|Any CPU.Build.0 = Debug|Any CPU
		{3C7BF51A-2F12-4374-8925-4AD1C3D55DD4}.Release|Any CPU.ActiveCfg = Release|Any CPU
		{3C7BF51A-2F12-4374-8925-4AD1C3D55DD4}.Release|Any CPU.Build.0 = Release|Any CPU
		{5A1846DA-BAFC-49F3-8C1A-E23F3E324935}.Debug|Any CPU.ActiveCfg = Debug|Any CPU
		{5A1846DA-BAFC-49F3-8C1A-E23F3E324935}.Debug|Any CPU.Build.0 = Debug|Any CPU
		{5A1846DA-BAFC-49F3-8C1A-E23F3E324935}.Release|Any CPU.ActiveCfg = Release|Any CPU
		{5A1846DA-BAFC-49F3-8C1A-E23F3E324935}.Release|Any CPU.Build.0 = Release|Any CPU
		{531283EE-FB90-48EA-858C-3E33E4B95C77}.Debug|Any CPU.ActiveCfg = Debug|Any CPU
		{531283EE-FB90-48EA-858C-3E33E4B95C77}.Debug|Any CPU.Build.0 = Debug|Any CPU
		{531283EE-FB90-48EA-858C-3E33E4B95C77}.Release|Any CPU.ActiveCfg = Release|Any CPU
		{531283EE-FB90-48EA-858C-3E33E4B95C77}.Release|Any CPU.Build.0 = Release|Any CPU
		{C3BF12E8-5872-43C2-A4EE-61FD7348A7B5}.Debug|Any CPU.ActiveCfg = Debug|Any CPU
		{C3BF12E8-5872-43C2-A4EE-61FD7348A7B5}.Debug|Any CPU.Build.0 = Debug|Any CPU
		{C3BF12E8-5872-43C2-A4EE-61FD7348A7B5}.Release|Any CPU.ActiveCfg = Release|Any CPU
		{C3BF12E8-5872-43C2-A4EE-61FD7348A7B5}.Release|Any CPU.Build.0 = Release|Any CPU
		{DFE05A34-8A5C-4F97-9764-1F3E07530808}.Debug|Any CPU.ActiveCfg = Debug|Any CPU
		{DFE05A34-8A5C-4F97-9764-1F3E07530808}.Debug|Any CPU.Build.0 = Debug|Any CPU
		{DFE05A34-8A5C-4F97-9764-1F3E07530808}.Release|Any CPU.ActiveCfg = Release|Any CPU
		{DFE05A34-8A5C-4F97-9764-1F3E07530808}.Release|Any CPU.Build.0 = Release|Any CPU
	EndGlobalSection
	GlobalSection(SolutionProperties) = preSolution
		HideSolutionNode = FALSE
	EndGlobalSection
	GlobalSection(ExtensibilityGlobals) = postSolution
		SolutionGuid = {12C8605D-C0B8-49E0-8869-A9E6AC7E63EC}
	EndGlobalSection
EndGlobal
